
Microsoft Visual Studio Solution File, Format Version 12.00
# Visual Studio Version 16
VisualStudioVersion = 16.0.29102.190
MinimumVisualStudioVersion = 10.0.40219.1
Project("{9A19103F-16F7-4668-BE54-9A1E7A4F7556}") = "helloworld.Core", "Core\helloworld.Core.csproj", "{05D98EE1-37D1-4F50-A62E-29D652B9635D}"
EndProject
Project("{9A19103F-16F7-4668-BE54-9A1E7A4F7556}") = "helloworld.UnitTests", "UnitTests\helloworld.UnitTests.csproj", "{7635F38C-3BB8-4DFC-9ACC-125341E2A1F9}"
EndProject
Global
	GlobalSection(SolutionConfigurationPlatforms) = preSolution
		Debug|Any CPU = Debug|Any CPU
		Release|Any CPU = Release|Any CPU
	EndGlobalSection
	GlobalSection(ProjectConfigurationPlatforms) = postSolution
		{05D98EE1-37D1-4F50-A62E-29D652B9635D}.Debug|Any CPU.ActiveCfg = Debug|Any CPU
		{05D98EE1-37D1-4F50-A62E-29D652B9635D}.Debug|Any CPU.Build.0 = Debug|Any CPU
		{05D98EE1-37D1-4F50-A62E-29D652B9635D}.Release|Any CPU.ActiveCfg = Release|Any CPU
		{05D98EE1-37D1-4F50-A62E-29D652B9635D}.Release|Any CPU.Build.0 = Release|Any CPU
		{7635F38C-3BB8-4DFC-9ACC-125341E2A1F9}.Debug|Any CPU.ActiveCfg = Debug|Any CPU
		{7635F38C-3BB8-4DFC-9ACC-125341E2A1F9}.Debug|Any CPU.Build.0 = Debug|Any CPU
		{7635F38C-3BB8-4DFC-9ACC-125341E2A1F9}.Release|Any CPU.ActiveCfg = Release|Any CPU
		{7635F38C-3BB8-4DFC-9ACC-125341E2A1F9}.Release|Any CPU.Build.0 = Release|Any CPU
	EndGlobalSection
	GlobalSection(SolutionProperties) = preSolution
		HideSolutionNode = FALSE
	EndGlobalSection
	GlobalSection(ExtensibilityGlobals) = postSolution
		SolutionGuid = {52CB982B-D54F-403D-BAD2-D49636C76008}
	EndGlobalSection
EndGlobal
